
Microsoft Visual Studio Solution File, Format Version 12.00
# Visual Studio Version 17
VisualStudioVersion = 17.9.34728.123
MinimumVisualStudioVersion = 10.0.40219.1
Project("{2150E333-8FDC-42A3-9474-1A3956D46DE8}") = "ApiConsume", "ApiConsume", "{891A275F-D065-4A55-AAA1-2BE48FA2564D}"
EndProject
Project("{2150E333-8FDC-42A3-9474-1A3956D46DE8}") = "Frontend", "Frontend", "{273A01CD-D749-43D0-833F-DF883008BC9D}"
EndProject
Project("{2150E333-8FDC-42A3-9474-1A3956D46DE8}") = "ToDoList", "ToDoList", "{67FE0793-A966-4831-A601-B909992AB22A}"
EndProject
Project("{9A19103F-16F7-4668-BE54-9A1E7A4F7556}") = "HotelProject.WebApi", "ApiConsume\HotelProject.WebApi\HotelProject.WebApi.csproj", "{062E8CF8-BE64-4372-A000-59CCEFCD1008}"
EndProject
Project("{FAE04EC0-301F-11D3-BF4B-00C04F79EFBC}") = "HotelProject.EntityLayer", "ApiConsume\HotelProject.EntityLayer\HotelProject.EntityLayer.csproj", "{A2F9BBAC-3F54-4C06-9A05-EB6225E9E923}"
EndProject
Project("{FAE04EC0-301F-11D3-BF4B-00C04F79EFBC}") = "HotelProject.DataAccessLayer", "ApiConsume\HotelProject.DataAccessLayer\HotelProject.DataAccessLayer.csproj", "{C6549117-B9E0-4205-9906-E42967DC6DBD}"
EndProject
Project("{FAE04EC0-301F-11D3-BF4B-00C04F79EFBC}") = "HotelProject.BusinessLayer", "ApiConsume\HotelProject.BusinessLayer\HotelProject.BusinessLayer.csproj", "{B0EF7D79-31F3-4175-83BF-6AD140C17B0D}"
EndProject
Project("{FAE04EC0-301F-11D3-BF4B-00C04F79EFBC}") = "HotelProject.DtoLayer", "ApiConsume\HotelProject.DtoLayer\HotelProject.DtoLayer.csproj", "{717D58F0-B152-412B-B2C7-971822AA6FDE}"
EndProject
Project("{FAE04EC0-301F-11D3-BF4B-00C04F79EFBC}") = "HotelProject.WebUI", "Frontend\HotelProject.WebUI\HotelProject.WebUI.csproj", "{7C2579FE-52C4-46AF-A170-65CBFA7A37CB}"
EndProject
Global
	GlobalSection(SolutionConfigurationPlatforms) = preSolution
		Debug|Any CPU = Debug|Any CPU
		Release|Any CPU = Release|Any CPU
	EndGlobalSection
	GlobalSection(ProjectConfigurationPlatforms) = postSolution
		{062E8CF8-BE64-4372-A000-59CCEFCD1008}.Debug|Any CPU.ActiveCfg = Debug|Any CPU
		{062E8CF8-BE64-4372-A000-59CCEFCD1008}.Debug|Any CPU.Build.0 = Debug|Any CPU
		{062E8CF8-BE64-4372-A000-59CCEFCD1008}.Release|Any CPU.ActiveCfg = Release|Any CPU
		{062E8CF8-BE64-4372-A000-59CCEFCD1008}.Release|Any CPU.Build.0 = Release|Any CPU
		{A2F9BBAC-3F54-4C06-9A05-EB6225E9E923}.Debug|Any CPU.ActiveCfg = Debug|Any CPU
		{A2F9BBAC-3F54-4C06-9A05-EB6225E9E923}.Debug|Any CPU.Build.0 = Debug|Any CPU
		{A2F9BBAC-3F54-4C06-9A05-EB6225E9E923}.Release|Any CPU.ActiveCfg = Release|Any CPU
		{A2F9BBAC-3F54-4C06-9A05-EB6225E9E923}.Release|Any CPU.Build.0 = Release|Any CPU
		{C6549117-B9E0-4205-9906-E42967DC6DBD}.Debug|Any CPU.ActiveCfg = Debug|Any CPU
		{C6549117-B9E0-4205-9906-E42967DC6DBD}.Debug|Any CPU.Build.0 = Debug|Any CPU
		{C6549117-B9E0-4205-9906-E42967DC6DBD}.Release|Any CPU.ActiveCfg = Release|Any CPU
		{C6549117-B9E0-4205-9906-E42967DC6DBD}.Release|Any CPU.Build.0 = Release|Any CPU
		{B0EF7D79-31F3-4175-83BF-6AD140C17B0D}.Debug|Any CPU.ActiveCfg = Debug|Any CPU
		{B0EF7D79-31F3-4175-83BF-6AD140C17B0D}.Debug|Any CPU.Build.0 = Debug|Any CPU
		{B0EF7D79-31F3-4175-83BF-6AD140C17B0D}.Release|Any CPU.ActiveCfg = Release|Any CPU
		{B0EF7D79-31F3-4175-83BF-6AD140C17B0D}.Release|Any CPU.Build.0 = Release|Any CPU
		{717D58F0-B152-412B-B2C7-971822AA6FDE}.Debug|Any CPU.ActiveCfg = Debug|Any CPU
		{717D58F0-B152-412B-B2C7-971822AA6FDE}.Debug|Any CPU.Build.0 = Debug|Any CPU
		{717D58F0-B152-412B-B2C7-971822AA6FDE}.Release|Any CPU.ActiveCfg = Release|Any CPU
		{717D58F0-B152-412B-B2C7-971822AA6FDE}.Release|Any CPU.Build.0 = Release|Any CPU
		{7C2579FE-52C4-46AF-A170-65CBFA7A37CB}.Debug|Any CPU.ActiveCfg = Debug|Any CPU
		{7C2579FE-52C4-46AF-A170-65CBFA7A37CB}.Debug|Any CPU.Build.0 = Debug|Any CPU
		{7C2579FE-52C4-46AF-A170-65CBFA7A37CB}.Release|Any CPU.ActiveCfg = Release|Any CPU
		{7C2579FE-52C4-46AF-A170-65CBFA7A37CB}.Release|Any CPU.Build.0 = Release|Any CPU
	EndGlobalSection
	GlobalSection(SolutionProperties) = preSolution
		HideSolutionNode = FALSE
	EndGlobalSection
	GlobalSection(NestedProjects) = preSolution
		{062E8CF8-BE64-4372-A000-59CCEFCD1008} = {891A275F-D065-4A55-AAA1-2BE48FA2564D}
		{A2F9BBAC-3F54-4C06-9A05-EB6225E9E923} = {891A275F-D065-4A55-AAA1-2BE48FA2564D}
		{C6549117-B9E0-4205-9906-E42967DC6DBD} = {891A275F-D065-4A55-AAA1-2BE48FA2564D}
		{B0EF7D79-31F3-4175-83BF-6AD140C17B0D} = {891A275F-D065-4A55-AAA1-2BE48FA2564D}
		{717D58F0-B152-412B-B2C7-971822AA6FDE} = {891A275F-D065-4A55-AAA1-2BE48FA2564D}
		{7C2579FE-52C4-46AF-A170-65CBFA7A37CB} = {273A01CD-D749-43D0-833F-DF883008BC9D}
	EndGlobalSection
	GlobalSection(ExtensibilityGlobals) = postSolution
		SolutionGuid = {C31C4C3D-D32E-4D94-B7B2-F7977C6FE5C9}
	EndGlobalSection
EndGlobal
